
Microsoft Visual Studio Solution File, Format Version 12.00
# Visual Studio Version 17
VisualStudioVersion = 17.10.34928.147
MinimumVisualStudioVersion = 10.0.40219.1
Project("{FAE04EC0-301F-11D3-BF4B-00C04F79EFBC}") = "backend", "backend.csproj", "{18EC2D8F-B010-4D55-AD8C-8C10AA5848A7}"
EndProject
Global
	GlobalSection(SolutionConfigurationPlatforms) = preSolution
		Debug|Any CPU = Debug|Any CPU
		Release|Any CPU = Release|Any CPU
	EndGlobalSection
	GlobalSection(ProjectConfigurationPlatforms) = postSolution
		{18EC2D8F-B010-4D55-AD8C-8C10AA5848A7}.Debug|Any CPU.ActiveCfg = Debug|Any CPU
		{18EC2D8F-B010-4D55-AD8C-8C10AA5848A7}.Debug|Any CPU.Build.0 = Debug|Any CPU
		{18EC2D8F-B010-4D55-AD8C-8C10AA5848A7}.Release|Any CPU.ActiveCfg = Release|Any CPU
		{18EC2D8F-B010-4D55-AD8C-8C10AA5848A7}.Release|Any CPU.Build.0 = Release|Any CPU
	EndGlobalSection
	GlobalSection(SolutionProperties) = preSolution
		HideSolutionNode = FALSE
	EndGlobalSection
	GlobalSection(ExtensibilityGlobals) = postSolution
		SolutionGuid = {2741B95D-A9B5-45AB-B773-F7DFA577E6A9}
	EndGlobalSection
EndGlobal
